// !$*UTF8*$!
{
	archiveVersion = 1;
	classes = {
	};
	objectVersion = 50;
	objects = {

/* Begin PBXBuildFile section */
		9025F1522147EFF1002D82A5 /* Default-568h@2x.png in Resources */ = {isa = PBXBuildFile; fileRef = 9025F1512147EFF1002D82A5 /* Default-568h@2x.png */; };
		90C094BB2147F63300A58248 /* GameKit.framework in Frameworks */ = {isa = PBXBuildFile; fileRef = 90C094BA2147F63300A58248 /* GameKit.framework */; };
		90FC285821427FEA00ABF7B3 /* AppDelegate.swift in Sources */ = {isa = PBXBuildFile; fileRef = 90FC285721427FEA00ABF7B3 /* AppDelegate.swift */; };
		90FC285A21427FEA00ABF7B3 /* ViewController.swift in Sources */ = {isa = PBXBuildFile; fileRef = 90FC285921427FEA00ABF7B3 /* ViewController.swift */; };
		90FC285D21427FEA00ABF7B3 /* Main.storyboard in Resources */ = {isa = PBXBuildFile; fileRef = 90FC285B21427FEA00ABF7B3 /* Main.storyboard */; };
		90FC286021427FEA00ABF7B3 /* BigBigger.xcdatamodeld in Sources */ = {isa = PBXBuildFile; fileRef = 90FC285E21427FEA00ABF7B3 /* BigBigger.xcdatamodeld */; };
		90FC286221427FEE00ABF7B3 /* Assets.xcassets in Resources */ = {isa = PBXBuildFile; fileRef = 90FC286121427FEE00ABF7B3 /* Assets.xcassets */; };
		90FC286521427FEE00ABF7B3 /* LaunchScreen.storyboard in Resources */ = {isa = PBXBuildFile; fileRef = 90FC286321427FEE00ABF7B3 /* LaunchScreen.storyboard */; };
/* End PBXBuildFile section */

/* Begin PBXFileReference section */
		9025EA152169182200F24EFD /* de */ = {isa = PBXFileReference; lastKnownFileType = text.plist.strings; name = de; path = de.lproj/Main.strings; sourceTree = "<group>"; };
		9025EA162169182200F24EFD /* de */ = {isa = PBXFileReference; lastKnownFileType = text.plist.strings; name = de; path = de.lproj/LaunchScreen.strings; sourceTree = "<group>"; };
		9025F1512147EFF1002D82A5 /* Default-568h@2x.png */ = {isa = PBXFileReference; lastKnownFileType = image.png; path = "Default-568h@2x.png"; sourceTree = "<group>"; };
		90C094BA2147F63300A58248 /* GameKit.framework */ = {isa = PBXFileReference; lastKnownFileType = wrapper.framework; name = GameKit.framework; path = System/Library/Frameworks/GameKit.framework; sourceTree = SDKROOT; };
		90F8381A216FBE1F00B8EE08 /* en */ = {isa = PBXFileReference; lastKnownFileType = text.plist.strings; name = en; path = en.lproj/Main.strings; sourceTree = "<group>"; };
		90FC285421427FEA00ABF7B3 /* BigBigger.app */ = {isa = PBXFileReference; explicitFileType = wrapper.application; includeInIndex = 0; path = BigBigger.app; sourceTree = BUILT_PRODUCTS_DIR; };
		90FC285721427FEA00ABF7B3 /* AppDelegate.swift */ = {isa = PBXFileReference; lastKnownFileType = sourcecode.swift; path = AppDelegate.swift; sourceTree = "<group>"; };
		90FC285921427FEA00ABF7B3 /* ViewController.swift */ = {isa = PBXFileReference; lastKnownFileType = sourcecode.swift; path = ViewController.swift; sourceTree = "<group>"; };
		90FC285C21427FEA00ABF7B3 /* Base */ = {isa = PBXFileReference; lastKnownFileType = file.storyboard; name = Base; path = Base.lproj/Main.storyboard; sourceTree = "<group>"; };
		90FC285F21427FEA00ABF7B3 /* testtiago.xcdatamodel */ = {isa = PBXFileReference; lastKnownFileType = wrapper.xcdatamodel; path = testtiago.xcdatamodel; sourceTree = "<group>"; };
		90FC286121427FEE00ABF7B3 /* Assets.xcassets */ = {isa = PBXFileReference; lastKnownFileType = folder.assetcatalog; path = Assets.xcassets; sourceTree = "<group>"; };
		90FC286421427FEE00ABF7B3 /* Base */ = {isa = PBXFileReference; lastKnownFileType = file.storyboard; name = Base; path = Base.lproj/LaunchScreen.storyboard; sourceTree = "<group>"; };
		90FC286621427FEE00ABF7B3 /* Info.plist */ = {isa = PBXFileReference; lastKnownFileType = text.plist.xml; path = Info.plist; sourceTree = "<group>"; };
/* End PBXFileReference section */

/* Begin PBXFrameworksBuildPhase section */
		90FC285121427FEA00ABF7B3 /* Frameworks */ = {
			isa = PBXFrameworksBuildPhase;
			buildActionMask = 2147483647;
			files = (
				90C094BB2147F63300A58248 /* GameKit.framework in Frameworks */,
			);
			runOnlyForDeploymentPostprocessing = 0;
		};
/* End PBXFrameworksBuildPhase section */

/* Begin PBXGroup section */
		90C094B92147F63300A58248 /* Frameworks */ = {
			isa = PBXGroup;
			children = (
				90C094BA2147F63300A58248 /* GameKit.framework */,
			);
			name = Frameworks;
			sourceTree = "<group>";
		};
		90FC284B21427FEA00ABF7B3 = {
			isa = PBXGroup;
			children = (
				9025F1512147EFF1002D82A5 /* Default-568h@2x.png */,
				90FC285621427FEA00ABF7B3 /* BigBigger */,
				90FC285521427FEA00ABF7B3 /* Products */,
				90C094B92147F63300A58248 /* Frameworks */,
			);
			sourceTree = "<group>";
		};
		90FC285521427FEA00ABF7B3 /* Products */ = {
			isa = PBXGroup;
			children = (
				90FC285421427FEA00ABF7B3 /* BigBigger.app */,
			);
			name = Products;
			sourceTree = "<group>";
		};
		90FC285621427FEA00ABF7B3 /* BigBigger */ = {
			isa = PBXGroup;
			children = (
				90FC285721427FEA00ABF7B3 /* AppDelegate.swift */,
				90FC285921427FEA00ABF7B3 /* ViewController.swift */,
				90FC285B21427FEA00ABF7B3 /* Main.storyboard */,
				90FC286121427FEE00ABF7B3 /* Assets.xcassets */,
				90FC286321427FEE00ABF7B3 /* LaunchScreen.storyboard */,
				90FC286621427FEE00ABF7B3 /* Info.plist */,
				90FC285E21427FEA00ABF7B3 /* BigBigger.xcdatamodeld */,
			);
			path = BigBigger;
			sourceTree = "<group>";
		};
/* End PBXGroup section */

/* Begin PBXNativeTarget section */
		90FC285321427FEA00ABF7B3 /* BigBigger */ = {
			isa = PBXNativeTarget;
			buildConfigurationList = 90FC286921427FEE00ABF7B3 /* Build configuration list for PBXNativeTarget "BigBigger" */;
			buildPhases = (
				90FC285021427FEA00ABF7B3 /* Sources */,
				90FC285121427FEA00ABF7B3 /* Frameworks */,
				90FC285221427FEA00ABF7B3 /* Resources */,
			);
			buildRules = (
			);
			dependencies = (
			);
			name = BigBigger;
			productName = testtiago;
			productReference = 90FC285421427FEA00ABF7B3 /* BigBigger.app */;
			productType = "com.apple.product-type.application";
		};
/* End PBXNativeTarget section */

/* Begin PBXProject section */
		90FC284C21427FEA00ABF7B3 /* Project object */ = {
			isa = PBXProject;
			attributes = {
				LastSwiftUpdateCheck = 0940;
				LastUpgradeCheck = 0940;
				ORGANIZATIONNAME = "Tiago Leichsenring";
				TargetAttributes = {
					90FC285321427FEA00ABF7B3 = {
						CreatedOnToolsVersion = 9.4.1;
						LastSwiftMigration = 1000;
						SystemCapabilities = {
							com.apple.GameCenter.iOS = {
								enabled = 1;
							};
						};
					};
				};
			};
			buildConfigurationList = 90FC284F21427FEA00ABF7B3 /* Build configuration list for PBXProject "BigBigger" */;
			compatibilityVersion = "Xcode 9.3";
			developmentRegion = en;
			hasScannedForEncodings = 0;
			knownRegions = (
				en,
				Base,
			);
			mainGroup = 90FC284B21427FEA00ABF7B3;
			productRefGroup = 90FC285521427FEA00ABF7B3 /* Products */;
			projectDirPath = "";
			projectRoot = "";
			targets = (
				90FC285321427FEA00ABF7B3 /* BigBigger */,
			);
		};
/* End PBXProject section */

/* Begin PBXResourcesBuildPhase section */
		90FC285221427FEA00ABF7B3 /* Resources */ = {
			isa = PBXResourcesBuildPhase;
			buildActionMask = 2147483647;
			files = (
				90FC286521427FEE00ABF7B3 /* LaunchScreen.storyboard in Resources */,
				9025F1522147EFF1002D82A5 /* Default-568h@2x.png in Resources */,
				90FC286221427FEE00ABF7B3 /* Assets.xcassets in Resources */,
				90FC285D21427FEA00ABF7B3 /* Main.storyboard in Resources */,
			);
			runOnlyForDeploymentPostprocessing = 0;
		};
/* End PBXResourcesBuildPhase section */

/* Begin PBXSourcesBuildPhase section */
		90FC285021427FEA00ABF7B3 /* Sources */ = {
			isa = PBXSourcesBuildPhase;
			buildActionMask = 2147483647;
			files = (
				90FC285A21427FEA00ABF7B3 /* ViewController.swift in Sources */,
				90FC285821427FEA00ABF7B3 /* AppDelegate.swift in Sources */,
				90FC286021427FEA00ABF7B3 /* BigBigger.xcdatamodeld in Sources */,
			);
			runOnlyForDeploymentPostprocessing = 0;
		};
/* End PBXSourcesBuildPhase section */

/* Begin PBXVariantGroup section */
		90FC285B21427FEA00ABF7B3 /* Main.storyboard */ = {
			isa = PBXVariantGroup;
			children = (
				90FC285C21427FEA00ABF7B3 /* Base */,
				9025EA152169182200F24EFD /* de */,
				90F8381A216FBE1F00B8EE08 /* en */,
			);
			name = Main.storyboard;
			sourceTree = "<group>";
		};
		90FC286321427FEE00ABF7B3 /* LaunchScreen.storyboard */ = {
			isa = PBXVariantGroup;
			children = (
				90FC286421427FEE00ABF7B3 /* Base */,
				9025EA162169182200F24EFD /* de */,
			);
			name = LaunchScreen.storyboard;
			sourceTree = "<group>";
		};
/* End PBXVariantGroup section */

/* Begin XCBuildConfiguration section */
		90FC286721427FEE00ABF7B3 /* Debug */ = {
			isa = XCBuildConfiguration;
			buildSettings = {
				ALWAYS_SEARCH_USER_PATHS = NO;
				CLANG_ANALYZER_LOCALIZABILITY_NONLOCALIZED = YES;
				CLANG_ANALYZER_NONNULL = YES;
				CLANG_ANALYZER_NUMBER_OBJECT_CONVERSION = YES_AGGRESSIVE;
				CLANG_CXX_LANGUAGE_STANDARD = "gnu++14";
				CLANG_CXX_LIBRARY = "libc++";
				CLANG_ENABLE_MODULES = YES;
				CLANG_ENABLE_OBJC_ARC = YES;
				CLANG_ENABLE_OBJC_WEAK = YES;
				CLANG_WARN_BLOCK_CAPTURE_AUTORELEASING = YES;
				CLANG_WARN_BOOL_CONVERSION = YES;
				CLANG_WARN_COMMA = YES;
				CLANG_WARN_CONSTANT_CONVERSION = YES;
				CLANG_WARN_DEPRECATED_OBJC_IMPLEMENTATIONS = YES;
				CLANG_WARN_DIRECT_OBJC_ISA_USAGE = YES_ERROR;
				CLANG_WARN_DOCUMENTATION_COMMENTS = YES;
				CLANG_WARN_EMPTY_BODY = YES;
				CLANG_WARN_ENUM_CONVERSION = YES;
				CLANG_WARN_INFINITE_RECURSION = YES;
				CLANG_WARN_INT_CONVERSION = YES;
				CLANG_WARN_NON_LITERAL_NULL_CONVERSION = YES;
				CLANG_WARN_OBJC_IMPLICIT_RETAIN_SELF = YES;
				CLANG_WARN_OBJC_LITERAL_CONVERSION = YES;
				CLANG_WARN_OBJC_ROOT_CLASS = YES_ERROR;
				CLANG_WARN_RANGE_LOOP_ANALYSIS = YES;
				CLANG_WARN_STRICT_PROTOTYPES = YES;
				CLANG_WARN_SUSPICIOUS_MOVE = YES;
				CLANG_WARN_UNGUARDED_AVAILABILITY = YES_AGGRESSIVE;
				CLANG_WARN_UNREACHABLE_CODE = YES;
				CLANG_WARN__DUPLICATE_METHOD_MATCH = YES;
				CODE_SIGN_IDENTITY = "iPhone Developer";
				COPY_PHASE_STRIP = NO;
				DEBUG_INFORMATION_FORMAT = dwarf;
				ENABLE_STRICT_OBJC_MSGSEND = YES;
				ENABLE_TESTABILITY = YES;
				GCC_C_LANGUAGE_STANDARD = gnu11;
				GCC_DYNAMIC_NO_PIC = NO;
				GCC_NO_COMMON_BLOCKS = YES;
				GCC_OPTIMIZATION_LEVEL = 0;
				GCC_PREPROCESSOR_DEFINITIONS = (
					"DEBUG=1",
					"$(inherited)",
				);
				GCC_WARN_64_TO_32_BIT_CONVERSION = YES;
				GCC_WARN_ABOUT_RETURN_TYPE = YES_ERROR;
				GCC_WARN_UNDECLARED_SELECTOR = YES;
				GCC_WARN_UNINITIALIZED_AUTOS = YES_AGGRESSIVE;
				GCC_WARN_UNUSED_FUNCTION = YES;
				GCC_WARN_UNUSED_VARIABLE = YES;
				IPHONEOS_DEPLOYMENT_TARGET = 11.4;
				MTL_ENABLE_DEBUG_INFO = YES;
				ONLY_ACTIVE_ARCH = YES;
				SDKROOT = iphoneos;
				SWIFT_ACTIVE_COMPILATION_CONDITIONS = DEBUG;
				SWIFT_OPTIMIZATION_LEVEL = "-Onone";
			};
			name = Debug;
		};
		90FC286821427FEE00ABF7B3 /* Release */ = {
			isa = XCBuildConfiguration;
			buildSettings = {
				ALWAYS_SEARCH_USER_PATHS = NO;
				CLANG_ANALYZER_LOCALIZABILITY_NONLOCALIZED = YES;
				CLANG_ANALYZER_NONNULL = YES;
				CLANG_ANALYZER_NUMBER_OBJECT_CONVERSION = YES_AGGRESSIVE;
				CLANG_CXX_LANGUAGE_STANDARD = "gnu++14";
				CLANG_CXX_LIBRARY = "libc++";
				CLANG_ENABLE_MODULES = YES;
				CLANG_ENABLE_OBJC_ARC = YES;
				CLANG_ENABLE_OBJC_WEAK = YES;
				CLANG_WARN_BLOCK_CAPTURE_AUTORELEASING = YES;
				CLANG_WARN_BOOL_CONVERSION = YES;
				CLANG_WARN_COMMA = YES;
				CLANG_WARN_CONSTANT_CONVERSION = YES;
				CLANG_WARN_DEPRECATED_OBJC_IMPLEMENTATIONS = YES;
				CLANG_WARN_DIRECT_OBJC_ISA_USAGE = YES_ERROR;
				CLANG_WARN_DOCUMENTATION_COMMENTS = YES;
				CLANG_WARN_EMPTY_BODY = YES;
				CLANG_WARN_ENUM_CONVERSION = YES;
				CLANG_WARN_INFINITE_RECURSION = YES;
				CLANG_WARN_INT_CONVERSION = YES;
				CLANG_WARN_NON_LITERAL_NULL_CONVERSION = YES;
				CLANG_WARN_OBJC_IMPLICIT_RETAIN_SELF = YES;
				CLANG_WARN_OBJC_LITERAL_CONVERSION = YES;
				CLANG_WARN_OBJC_ROOT_CLASS = YES_ERROR;
				CLANG_WARN_RANGE_LOOP_ANALYSIS = YES;
				CLANG_WARN_STRICT_PROTOTYPES = YES;
				CLANG_WARN_SUSPICIOUS_MOVE = YES;
				CLANG_WARN_UNGUARDED_AVAILABILITY = YES_AGGRESSIVE;
				CLANG_WARN_UNREACHABLE_CODE = YES;
				CLANG_WARN__DUPLICATE_METHOD_MATCH = YES;
				CODE_SIGN_IDENTITY = "iPhone Developer";
				COPY_PHASE_STRIP = NO;
				DEBUG_INFORMATION_FORMAT = "dwarf-with-dsym";
				ENABLE_NS_ASSERTIONS = NO;
				ENABLE_STRICT_OBJC_MSGSEND = YES;
				GCC_C_LANGUAGE_STANDARD = gnu11;
				GCC_NO_COMMON_BLOCKS = YES;
				GCC_WARN_64_TO_32_BIT_CONVERSION = YES;
				GCC_WARN_ABOUT_RETURN_TYPE = YES_ERROR;
				GCC_WARN_UNDECLARED_SELECTOR = YES;
				GCC_WARN_UNINITIALIZED_AUTOS = YES_AGGRESSIVE;
				GCC_WARN_UNUSED_FUNCTION = YES;
				GCC_WARN_UNUSED_VARIABLE = YES;
				IPHONEOS_DEPLOYMENT_TARGET = 11.4;
				MTL_ENABLE_DEBUG_INFO = NO;
				SDKROOT = iphoneos;
				SWIFT_COMPILATION_MODE = wholemodule;
				SWIFT_OPTIMIZATION_LEVEL = "-O";
				VALIDATE_PRODUCT = YES;
			};
			name = Release;
		};
		90FC286A21427FEE00ABF7B3 /* Debug */ = {
			isa = XCBuildConfiguration;
			buildSettings = {
				ASSETCATALOG_COMPILER_APPICON_NAME = AppIcon;
				CODE_SIGN_STYLE = Automatic;
				DEVELOPMENT_TEAM = 325JNH32TP;
				INFOPLIST_FILE = testtiago/Info.plist;
				"INFOPLIST_FILE[sdk=*]" = "/Users/tiagoleichsenring/Documents/Mateus Projects/Swift Projects/testtiago/BigBigger/Info.plist";
				IPHONEOS_DEPLOYMENT_TARGET = 11.4;
				LD_RUNPATH_SEARCH_PATHS = (
					"$(inherited)",
					"@executable_path/Frameworks",
				);
				PRODUCT_BUNDLE_IDENTIFIER = tiago.leichs.BigBigger;
				PRODUCT_NAME = "$(TARGET_NAME)";
				SWIFT_VERSION = 4.2;
				TARGETED_DEVICE_FAMILY = "1,2";
			};
			name = Debug;
		};
		90FC286B21427FEE00ABF7B3 /* Release */ = {
			isa = XCBuildConfiguration;
			buildSettings = {
				ASSETCATALOG_COMPILER_APPICON_NAME = AppIcon;
				CODE_SIGN_STYLE = Automatic;
				DEVELOPMENT_TEAM = 325JNH32TP;
				INFOPLIST_FILE = testtiago/Info.plist;
				"INFOPLIST_FILE[sdk=*]" = "/Users/tiagoleichsenring/Documents/Mateus Projects/Swift Projects/testtiago/BigBigger/Info.plist";
				IPHONEOS_DEPLOYMENT_TARGET = 11.4;
				LD_RUNPATH_SEARCH_PATHS = (
					"$(inherited)",
					"@executable_path/Frameworks",
				);
				"MTL_ENABLE_DEBUG_INFO[arch=*]" = YES;
				PRODUCT_BUNDLE_IDENTIFIER = tiago.leichs.BigBigger;
				PRODUCT_NAME = "$(TARGET_NAME)";
				SWIFT_VERSION = 4.2;
				TARGETED_DEVICE_FAMILY = "1,2";
			};
			name = Release;
		};
/* End XCBuildConfiguration section */

/* Begin XCConfigurationList section */
		90FC284F21427FEA00ABF7B3 /* Build configuration list for PBXProject "BigBigger" */ = {
			isa = XCConfigurationList;
			buildConfigurations = (
				90FC286721427FEE00ABF7B3 /* Debug */,
				90FC286821427FEE00ABF7B3 /* Release */,
			);
			defaultConfigurationIsVisible = 0;
			defaultConfigurationName = Release;
		};
		90FC286921427FEE00ABF7B3 /* Build configuration list for PBXNativeTarget "BigBigger" */ = {
			isa = XCConfigurationList;
			buildConfigurations = (
				90FC286A21427FEE00ABF7B3 /* Debug */,
				90FC286B21427FEE00ABF7B3 /* Release */,
			);
			defaultConfigurationIsVisible = 0;
			defaultConfigurationName = Release;
		};
/* End XCConfigurationList section */

/* Begin XCVersionGroup section */
		90FC285E21427FEA00ABF7B3 /* BigBigger.xcdatamodeld */ = {
			isa = XCVersionGroup;
			children = (
				90FC285F21427FEA00ABF7B3 /* testtiago.xcdatamodel */,
			);
			currentVersion = 90FC285F21427FEA00ABF7B3 /* testtiago.xcdatamodel */;
			path = BigBigger.xcdatamodeld;
			sourceTree = "<group>";
			versionGroupType = wrapper.xcdatamodel;
		};
/* End XCVersionGroup section */
	};
	rootObject = 90FC284C21427FEA00ABF7B3 /* Project object */;
}
